// !$*UTF8*$!
{
	archiveVersion = 1;
	classes = {
	};
	objectVersion = 60;
	objects = {

/* Begin PBXBuildFile section */
		30A581E32CDAE4E5004C6F72 /* Assets.xcassets in Resources */ = {isa = PBXBuildFile; fileRef = 30A581DA2CDAE4E5004C6F72 /* Assets.xcassets */; };
		30A581E52CDAE4E5004C6F72 /* LaunchScreen.storyboard in Resources */ = {isa = PBXBuildFile; fileRef = 30A581DD2CDAE4E5004C6F72 /* LaunchScreen.storyboard */; };
		30A581E62CDAE4E5004C6F72 /* Main.storyboard in Resources */ = {isa = PBXBuildFile; fileRef = 30A581DF2CDAE4E5004C6F72 /* Main.storyboard */; };
		30A581E72CDAE4E5004C6F72 /* AppDelegate.swift in Sources */ = {isa = PBXBuildFile; fileRef = 30A581D92CDAE4E5004C6F72 /* AppDelegate.swift */; };
		30A581E82CDAE4E5004C6F72 /* SceneDelegate.swift in Sources */ = {isa = PBXBuildFile; fileRef = 30A581E02CDAE4E5004C6F72 /* SceneDelegate.swift */; };
		30A581E92CDAE4E5004C6F72 /* ViewController.swift in Sources */ = {isa = PBXBuildFile; fileRef = 30A581E12CDAE4E5004C6F72 /* ViewController.swift */; };
		A7FFA88B7043D6F8839E4E48 /* libPods-Simplenvimproblem.a in Frameworks */ = {isa = PBXBuildFile; fileRef = AEA0F4660CE9EE7B134CAE45 /* libPods-Simplenvimproblem.a */; };
/* End PBXBuildFile section */

/* Begin PBXFileReference section */
		30A581D92CDAE4E5004C6F72 /* AppDelegate.swift */ = {isa = PBXFileReference; lastKnownFileType = sourcecode.swift; path = AppDelegate.swift; sourceTree = "<group>"; };
		30A581DA2CDAE4E5004C6F72 /* Assets.xcassets */ = {isa = PBXFileReference; lastKnownFileType = folder.assetcatalog; path = Assets.xcassets; sourceTree = "<group>"; };
		30A581DB2CDAE4E5004C6F72 /* Info.plist */ = {isa = PBXFileReference; lastKnownFileType = text.plist.xml; path = Info.plist; sourceTree = "<group>"; };
		30A581DC2CDAE4E5004C6F72 /* Base */ = {isa = PBXFileReference; lastKnownFileType = file.storyboard; name = Base; path = Base.lproj/LaunchScreen.storyboard; sourceTree = "<group>"; };
		30A581DE2CDAE4E5004C6F72 /* Base */ = {isa = PBXFileReference; lastKnownFileType = file.storyboard; name = Base; path = Base.lproj/Main.storyboard; sourceTree = "<group>"; };
		30A581E02CDAE4E5004C6F72 /* SceneDelegate.swift */ = {isa = PBXFileReference; lastKnownFileType = sourcecode.swift; path = SceneDelegate.swift; sourceTree = "<group>"; };
		30A581E12CDAE4E5004C6F72 /* ViewController.swift */ = {isa = PBXFileReference; lastKnownFileType = sourcecode.swift; path = ViewController.swift; sourceTree = "<group>"; };
		30C3FA422CDAE434005822A1 /* Simplenvimproblem.app */ = {isa = PBXFileReference; explicitFileType = wrapper.application; includeInIndex = 0; path = Simplenvimproblem.app; sourceTree = BUILT_PRODUCTS_DIR; };
		66EE15DD0B1D719358F886AF /* Pods-Simplenvimproblem.debug.xcconfig */ = {isa = PBXFileReference; includeInIndex = 1; lastKnownFileType = text.xcconfig; name = "Pods-Simplenvimproblem.debug.xcconfig"; path = "Target Support Files/Pods-Simplenvimproblem/Pods-Simplenvimproblem.debug.xcconfig"; sourceTree = "<group>"; };
		AEA0F4660CE9EE7B134CAE45 /* libPods-Simplenvimproblem.a */ = {isa = PBXFileReference; explicitFileType = archive.ar; includeInIndex = 0; path = "libPods-Simplenvimproblem.a"; sourceTree = BUILT_PRODUCTS_DIR; };
		CBF4805401F06EB625C57296 /* Pods-Simplenvimproblem.release.xcconfig */ = {isa = PBXFileReference; includeInIndex = 1; lastKnownFileType = text.xcconfig; name = "Pods-Simplenvimproblem.release.xcconfig"; path = "Target Support Files/Pods-Simplenvimproblem/Pods-Simplenvimproblem.release.xcconfig"; sourceTree = "<group>"; };
/* End PBXFileReference section */

/* Begin PBXFrameworksBuildPhase section */
		30C3FA3F2CDAE434005822A1 /* Frameworks */ = {
			isa = PBXFrameworksBuildPhase;
			buildActionMask = 2147483647;
			files = (
				A7FFA88B7043D6F8839E4E48 /* libPods-Simplenvimproblem.a in Frameworks */,
			);
			runOnlyForDeploymentPostprocessing = 0;
		};
/* End PBXFrameworksBuildPhase section */

/* Begin PBXGroup section */
		0BDD3A12DAA6FBDD7D542A01 /* Pods */ = {
			isa = PBXGroup;
			children = (
				66EE15DD0B1D719358F886AF /* Pods-Simplenvimproblem.debug.xcconfig */,
				CBF4805401F06EB625C57296 /* Pods-Simplenvimproblem.release.xcconfig */,
			);
			name = Pods;
			path = Pods;
			sourceTree = "<group>";
		};
		2EDBCA52D1C4860650F467D2 /* Frameworks */ = {
			isa = PBXGroup;
			children = (
				AEA0F4660CE9EE7B134CAE45 /* libPods-Simplenvimproblem.a */,
			);
			name = Frameworks;
			sourceTree = "<group>";
		};
		30A581E22CDAE4E5004C6F72 /* Simplenvimproblem */ = {
			isa = PBXGroup;
			children = (
				30A581D92CDAE4E5004C6F72 /* AppDelegate.swift */,
				30A581DA2CDAE4E5004C6F72 /* Assets.xcassets */,
				30A581DB2CDAE4E5004C6F72 /* Info.plist */,
				30A581DD2CDAE4E5004C6F72 /* LaunchScreen.storyboard */,
				30A581DF2CDAE4E5004C6F72 /* Main.storyboard */,
				30A581E02CDAE4E5004C6F72 /* SceneDelegate.swift */,
				30A581E12CDAE4E5004C6F72 /* ViewController.swift */,
			);
			path = Simplenvimproblem;
			sourceTree = "<group>";
		};
		30C3FA392CDAE434005822A1 = {
			isa = PBXGroup;
			children = (
				30A581E22CDAE4E5004C6F72 /* Simplenvimproblem */,
				30C3FA432CDAE434005822A1 /* Products */,
				0BDD3A12DAA6FBDD7D542A01 /* Pods */,
				2EDBCA52D1C4860650F467D2 /* Frameworks */,
			);
			sourceTree = "<group>";
		};
		30C3FA432CDAE434005822A1 /* Products */ = {
			isa = PBXGroup;
			children = (
				30C3FA422CDAE434005822A1 /* Simplenvimproblem.app */,
			);
			name = Products;
			sourceTree = "<group>";
		};
/* End PBXGroup section */

/* Begin PBXNativeTarget section */
		30C3FA412CDAE434005822A1 /* Simplenvimproblem */ = {
			isa = PBXNativeTarget;
			buildConfigurationList = 30C3FA6B2CDAE435005822A1 /* Build configuration list for PBXNativeTarget "Simplenvimproblem" */;
			buildPhases = (
				17A27986F3A6F0DFA7E82BFA /* [CP] Check Pods Manifest.lock */,
				30C3FA3E2CDAE434005822A1 /* Sources */,
				30C3FA3F2CDAE434005822A1 /* Frameworks */,
				30C3FA402CDAE434005822A1 /* Resources */,
				6A612928DB2299FADBD8CBC8 /* [CP] Copy Pods Resources */,
			);
			buildRules = (
			);
			dependencies = (
			);
			name = Simplenvimproblem;
			productName = Simplenvimproblem;
			productReference = 30C3FA422CDAE434005822A1 /* Simplenvimproblem.app */;
			productType = "com.apple.product-type.application";
		};
/* End PBXNativeTarget section */

/* Begin PBXProject section */
		30C3FA3A2CDAE434005822A1 /* Project object */ = {
			isa = PBXProject;
			attributes = {
				BuildIndependentTargetsInParallel = 1;
				LastSwiftUpdateCheck = 1600;
				LastUpgradeCheck = 1600;
				TargetAttributes = {
					30C3FA412CDAE434005822A1 = {
						CreatedOnToolsVersion = 16.0;
					};
				};
			};
			buildConfigurationList = 30C3FA3D2CDAE434005822A1 /* Build configuration list for PBXProject "Simplenvimproblem" */;
			compatibilityVersion = "Xcode 15.0";
			developmentRegion = en;
			hasScannedForEncodings = 0;
			knownRegions = (
				en,
				Base,
			);
			mainGroup = 30C3FA392CDAE434005822A1;
			productRefGroup = 30C3FA432CDAE434005822A1 /* Products */;
			projectDirPath = "";
			projectRoot = "";
			targets = (
				30C3FA412CDAE434005822A1 /* Simplenvimproblem */,
			);
		};
/* End PBXProject section */

/* Begin PBXResourcesBuildPhase section */
		30C3FA402CDAE434005822A1 /* Resources */ = {
			isa = PBXResourcesBuildPhase;
			buildActionMask = 2147483647;
			files = (
				30A581E32CDAE4E5004C6F72 /* Assets.xcassets in Resources */,
				30A581E52CDAE4E5004C6F72 /* LaunchScreen.storyboard in Resources */,
				30A581E62CDAE4E5004C6F72 /* Main.storyboard in Resources */,
			);
			runOnlyForDeploymentPostprocessing = 0;
		};
/* End PBXResourcesBuildPhase section */

/* Begin PBXShellScriptBuildPhase section */
		17A27986F3A6F0DFA7E82BFA /* [CP] Check Pods Manifest.lock */ = {
			isa = PBXShellScriptBuildPhase;
			buildActionMask = 2147483647;
			files = (
			);
			inputFileListPaths = (
			);
			inputPaths = (
				"${PODS_PODFILE_DIR_PATH}/Podfile.lock",
				"${PODS_ROOT}/Manifest.lock",
			);
			name = "[CP] Check Pods Manifest.lock";
			outputFileListPaths = (
			);
			outputPaths = (
				"$(DERIVED_FILE_DIR)/Pods-Simplenvimproblem-checkManifestLockResult.txt",
			);
			runOnlyForDeploymentPostprocessing = 0;
			shellPath = /bin/sh;
			shellScript = "diff \"${PODS_PODFILE_DIR_PATH}/Podfile.lock\" \"${PODS_ROOT}/Manifest.lock\" > /dev/null\nif [ $? != 0 ] ; then\n    # print error to STDERR\n    echo \"error: The sandbox is not in sync with the Podfile.lock. Run 'pod install' or update your CocoaPods installation.\" >&2\n    exit 1\nfi\n# This output is used by Xcode 'outputs' to avoid re-running this script phase.\necho \"SUCCESS\" > \"${SCRIPT_OUTPUT_FILE_0}\"\n";
			showEnvVarsInLog = 0;
		};
		6A612928DB2299FADBD8CBC8 /* [CP] Copy Pods Resources */ = {
			isa = PBXShellScriptBuildPhase;
			buildActionMask = 2147483647;
			files = (
			);
			inputFileListPaths = (
				"${PODS_ROOT}/Target Support Files/Pods-Simplenvimproblem/Pods-Simplenvimproblem-resources-${CONFIGURATION}-input-files.xcfilelist",
			);
			name = "[CP] Copy Pods Resources";
			outputFileListPaths = (
				"${PODS_ROOT}/Target Support Files/Pods-Simplenvimproblem/Pods-Simplenvimproblem-resources-${CONFIGURATION}-output-files.xcfilelist",
			);
			runOnlyForDeploymentPostprocessing = 0;
			shellPath = /bin/sh;
			shellScript = "\"${PODS_ROOT}/Target Support Files/Pods-Simplenvimproblem/Pods-Simplenvimproblem-resources.sh\"\n";
			showEnvVarsInLog = 0;
		};
/* End PBXShellScriptBuildPhase section */

/* Begin PBXSourcesBuildPhase section */
		30C3FA3E2CDAE434005822A1 /* Sources */ = {
			isa = PBXSourcesBuildPhase;
			buildActionMask = 2147483647;
			files = (
				30A581E72CDAE4E5004C6F72 /* AppDelegate.swift in Sources */,
				30A581E82CDAE4E5004C6F72 /* SceneDelegate.swift in Sources */,
				30A581E92CDAE4E5004C6F72 /* ViewController.swift in Sources */,
			);
			runOnlyForDeploymentPostprocessing = 0;
		};
/* End PBXSourcesBuildPhase section */

/* Begin PBXVariantGroup section */
		30A581DD2CDAE4E5004C6F72 /* LaunchScreen.storyboard */ = {
			isa = PBXVariantGroup;
			children = (
				30A581DC2CDAE4E5004C6F72 /* Base */,
			);
			name = LaunchScreen.storyboard;
			sourceTree = "<group>";
		};
		30A581DF2CDAE4E5004C6F72 /* Main.storyboard */ = {
			isa = PBXVariantGroup;
			children = (
				30A581DE2CDAE4E5004C6F72 /* Base */,
			);
			name = Main.storyboard;
			sourceTree = "<group>";
		};
/* End PBXVariantGroup section */

/* Begin XCBuildConfiguration section */
		30C3FA6C2CDAE435005822A1 /* Debug */ = {
			isa = XCBuildConfiguration;
			baseConfigurationReference = 66EE15DD0B1D719358F886AF /* Pods-Simplenvimproblem.debug.xcconfig */;
			buildSettings = {
				ASSETCATALOG_COMPILER_APPICON_NAME = AppIcon;
				ASSETCATALOG_COMPILER_GLOBAL_ACCENT_COLOR_NAME = AccentColor;
				CODE_SIGN_STYLE = Automatic;
				CURRENT_PROJECT_VERSION = 1;
				GENERATE_INFOPLIST_FILE = YES;
				INFOPLIST_FILE = Simplenvimproblem/Info.plist;
				INFOPLIST_KEY_UIApplicationSupportsIndirectInputEvents = YES;
				INFOPLIST_KEY_UILaunchStoryboardName = LaunchScreen;
				INFOPLIST_KEY_UIMainStoryboardFile = Main;
				INFOPLIST_KEY_UISupportedInterfaceOrientations_iPad = "UIInterfaceOrientationPortrait UIInterfaceOrientationPortraitUpsideDown UIInterfaceOrientationLandscapeLeft UIInterfaceOrientationLandscapeRight";
				INFOPLIST_KEY_UISupportedInterfaceOrientations_iPhone = "UIInterfaceOrientationPortrait UIInterfaceOrientationLandscapeLeft UIInterfaceOrientationLandscapeRight";
				LD_RUNPATH_SEARCH_PATHS = (
					"$(inherited)",
					"@executable_path/Frameworks",
				);
				MARKETING_VERSION = 1.0;
				PRODUCT_BUNDLE_IDENTIFIER = com.mostafa.Simplenvimproblem;
				PRODUCT_NAME = "$(TARGET_NAME)";
				SWIFT_EMIT_LOC_STRINGS = YES;
				SWIFT_VERSION = 5.0;
				TARGETED_DEVICE_FAMILY = "1,2";
			};
			name = Debug;
		};
		30C3FA6D2CDAE435005822A1 /* Release */ = {
			isa = XCBuildConfiguration;
			baseConfigurationReference = CBF4805401F06EB625C57296 /* Pods-Simplenvimproblem.release.xcconfig */;
			buildSettings = {
				ASSETCATALOG_COMPILER_APPICON_NAME = AppIcon;
				ASSETCATALOG_COMPILER_GLOBAL_ACCENT_COLOR_NAME = AccentColor;
				CODE_SIGN_STYLE = Automatic;
				CURRENT_PROJECT_VERSION = 1;
				GENERATE_INFOPLIST_FILE = YES;
				INFOPLIST_FILE = Simplenvimproblem/Info.plist;
				INFOPLIST_KEY_UIApplicationSupportsIndirectInputEvents = YES;
				INFOPLIST_KEY_UILaunchStoryboardName = LaunchScreen;
				INFOPLIST_KEY_UIMainStoryboardFile = Main;
				INFOPLIST_KEY_UISupportedInterfaceOrientations_iPad = "UIInterfaceOrientationPortrait UIInterfaceOrientationPortraitUpsideDown UIInterfaceOrientationLandscapeLeft UIInterfaceOrientationLandscapeRight";
				INFOPLIST_KEY_UISupportedInterfaceOrientations_iPhone = "UIInterfaceOrientationPortrait UIInterfaceOrientationLandscapeLeft UIInterfaceOrientationLandscapeRight";
				LD_RUNPATH_SEARCH_PATHS = (
					"$(inherited)",
					"@executable_path/Frameworks",
				);
				MARKETING_VERSION = 1.0;
				PRODUCT_BUNDLE_IDENTIFIER = com.mostafa.Simplenvimproblem;
				PRODUCT_NAME = "$(TARGET_NAME)";
				SWIFT_EMIT_LOC_STRINGS = YES;
				SWIFT_VERSION = 5.0;
				TARGETED_DEVICE_FAMILY = "1,2";
			};
			name = Release;
		};
		30C3FA6E2CDAE435005822A1 /* Debug */ = {
			isa = XCBuildConfiguration;
			buildSettings = {
				ALWAYS_SEARCH_USER_PATHS = NO;
				ASSETCATALOG_COMPILER_GENERATE_SWIFT_ASSET_SYMBOL_EXTENSIONS = YES;
				CLANG_ANALYZER_NONNULL = YES;
				CLANG_ANALYZER_NUMBER_OBJECT_CONVERSION = YES_AGGRESSIVE;
				CLANG_CXX_LANGUAGE_STANDARD = "gnu++20";
				CLANG_ENABLE_MODULES = YES;
				CLANG_ENABLE_OBJC_ARC = YES;
				CLANG_ENABLE_OBJC_WEAK = YES;
				CLANG_WARN_BLOCK_CAPTURE_AUTORELEASING = YES;
				CLANG_WARN_BOOL_CONVERSION = YES;
				CLANG_WARN_COMMA = YES;
				CLANG_WARN_CONSTANT_CONVERSION = YES;
				CLANG_WARN_DEPRECATED_OBJC_IMPLEMENTATIONS = YES;
				CLANG_WARN_DIRECT_OBJC_ISA_USAGE = YES_ERROR;
				CLANG_WARN_DOCUMENTATION_COMMENTS = YES;
				CLANG_WARN_EMPTY_BODY = YES;
				CLANG_WARN_ENUM_CONVERSION = YES;
				CLANG_WARN_INFINITE_RECURSION = YES;
				CLANG_WARN_INT_CONVERSION = YES;
				CLANG_WARN_NON_LITERAL_NULL_CONVERSION = YES;
				CLANG_WARN_OBJC_IMPLICIT_RETAIN_SELF = YES;
				CLANG_WARN_OBJC_LITERAL_CONVERSION = YES;
				CLANG_WARN_OBJC_ROOT_CLASS = YES_ERROR;
				CLANG_WARN_QUOTED_INCLUDE_IN_FRAMEWORK_HEADER = YES;
				CLANG_WARN_RANGE_LOOP_ANALYSIS = YES;
				CLANG_WARN_STRICT_PROTOTYPES = YES;
				CLANG_WARN_SUSPICIOUS_MOVE = YES;
				CLANG_WARN_UNGUARDED_AVAILABILITY = YES_AGGRESSIVE;
				CLANG_WARN_UNREACHABLE_CODE = YES;
				CLANG_WARN__DUPLICATE_METHOD_MATCH = YES;
				COPY_PHASE_STRIP = NO;
				DEBUG_INFORMATION_FORMAT = dwarf;
				ENABLE_STRICT_OBJC_MSGSEND = YES;
				ENABLE_TESTABILITY = YES;
				ENABLE_USER_SCRIPT_SANDBOXING = YES;
				GCC_C_LANGUAGE_STANDARD = gnu17;
				GCC_DYNAMIC_NO_PIC = NO;
				GCC_NO_COMMON_BLOCKS = YES;
				GCC_OPTIMIZATION_LEVEL = 0;
				GCC_PREPROCESSOR_DEFINITIONS = (
					"DEBUG=1",
					"$(inherited)",
				);
				GCC_WARN_64_TO_32_BIT_CONVERSION = YES;
				GCC_WARN_ABOUT_RETURN_TYPE = YES_ERROR;
				GCC_WARN_UNDECLARED_SELECTOR = YES;
				GCC_WARN_UNINITIALIZED_AUTOS = YES_AGGRESSIVE;
				GCC_WARN_UNUSED_FUNCTION = YES;
				GCC_WARN_UNUSED_VARIABLE = YES;
				IPHONEOS_DEPLOYMENT_TARGET = 18.0;
				LOCALIZATION_PREFERS_STRING_CATALOGS = YES;
				MTL_ENABLE_DEBUG_INFO = INCLUDE_SOURCE;
				MTL_FAST_MATH = YES;
				ONLY_ACTIVE_ARCH = YES;
				SDKROOT = iphoneos;
				SWIFT_ACTIVE_COMPILATION_CONDITIONS = "DEBUG $(inherited)";
				SWIFT_OPTIMIZATION_LEVEL = "-Onone";
			};
			name = Debug;
		};
		30C3FA6F2CDAE435005822A1 /* Release */ = {
			isa = XCBuildConfiguration;
			buildSettings = {
				ALWAYS_SEARCH_USER_PATHS = NO;
				ASSETCATALOG_COMPILER_GENERATE_SWIFT_ASSET_SYMBOL_EXTENSIONS = YES;
				CLANG_ANALYZER_NONNULL = YES;
				CLANG_ANALYZER_NUMBER_OBJECT_CONVERSION = YES_AGGRESSIVE;
				CLANG_CXX_LANGUAGE_STANDARD = "gnu++20";
				CLANG_ENABLE_MODULES = YES;
				CLANG_ENABLE_OBJC_ARC = YES;
				CLANG_ENABLE_OBJC_WEAK = YES;
				CLANG_WARN_BLOCK_CAPTURE_AUTORELEASING = YES;
				CLANG_WARN_BOOL_CONVERSION = YES;
				CLANG_WARN_COMMA = YES;
				CLANG_WARN_CONSTANT_CONVERSION = YES;
				CLANG_WARN_DEPRECATED_OBJC_IMPLEMENTATIONS = YES;
				CLANG_WARN_DIRECT_OBJC_ISA_USAGE = YES_ERROR;
				CLANG_WARN_DOCUMENTATION_COMMENTS = YES;
				CLANG_WARN_EMPTY_BODY = YES;
				CLANG_WARN_ENUM_CONVERSION = YES;
				CLANG_WARN_INFINITE_RECURSION = YES;
				CLANG_WARN_INT_CONVERSION = YES;
				CLANG_WARN_NON_LITERAL_NULL_CONVERSION = YES;
				CLANG_WARN_OBJC_IMPLICIT_RETAIN_SELF = YES;
				CLANG_WARN_OBJC_LITERAL_CONVERSION = YES;
				CLANG_WARN_OBJC_ROOT_CLASS = YES_ERROR;
				CLANG_WARN_QUOTED_INCLUDE_IN_FRAMEWORK_HEADER = YES;
				CLANG_WARN_RANGE_LOOP_ANALYSIS = YES;
				CLANG_WARN_STRICT_PROTOTYPES = YES;
				CLANG_WARN_SUSPICIOUS_MOVE = YES;
				CLANG_WARN_UNGUARDED_AVAILABILITY = YES_AGGRESSIVE;
				CLANG_WARN_UNREACHABLE_CODE = YES;
				CLANG_WARN__DUPLICATE_METHOD_MATCH = YES;
				COPY_PHASE_STRIP = NO;
				DEBUG_INFORMATION_FORMAT = "dwarf-with-dsym";
				ENABLE_NS_ASSERTIONS = NO;
				ENABLE_STRICT_OBJC_MSGSEND = YES;
				ENABLE_USER_SCRIPT_SANDBOXING = YES;
				GCC_C_LANGUAGE_STANDARD = gnu17;
				GCC_NO_COMMON_BLOCKS = YES;
				GCC_WARN_64_TO_32_BIT_CONVERSION = YES;
				GCC_WARN_ABOUT_RETURN_TYPE = YES_ERROR;
				GCC_WARN_UNDECLARED_SELECTOR = YES;
				GCC_WARN_UNINITIALIZED_AUTOS = YES_AGGRESSIVE;
				GCC_WARN_UNUSED_FUNCTION = YES;
				GCC_WARN_UNUSED_VARIABLE = YES;
				IPHONEOS_DEPLOYMENT_TARGET = 18.0;
				LOCALIZATION_PREFERS_STRING_CATALOGS = YES;
				MTL_ENABLE_DEBUG_INFO = NO;
				MTL_FAST_MATH = YES;
				SDKROOT = iphoneos;
				SWIFT_COMPILATION_MODE = wholemodule;
				VALIDATE_PRODUCT = YES;
			};
			name = Release;
		};
/* End XCBuildConfiguration section */

/* Begin XCConfigurationList section */
		30C3FA3D2CDAE434005822A1 /* Build configuration list for PBXProject "Simplenvimproblem" */ = {
			isa = XCConfigurationList;
			buildConfigurations = (
				30C3FA6E2CDAE435005822A1 /* Debug */,
				30C3FA6F2CDAE435005822A1 /* Release */,
			);
			defaultConfigurationIsVisible = 0;
			defaultConfigurationName = Release;
		};
		30C3FA6B2CDAE435005822A1 /* Build configuration list for PBXNativeTarget "Simplenvimproblem" */ = {
			isa = XCConfigurationList;
			buildConfigurations = (
				30C3FA6C2CDAE435005822A1 /* Debug */,
				30C3FA6D2CDAE435005822A1 /* Release */,
			);
			defaultConfigurationIsVisible = 0;
			defaultConfigurationName = Release;
		};
/* End XCConfigurationList section */
	};
	rootObject = 30C3FA3A2CDAE434005822A1 /* Project object */;
}
